
Microsoft Visual Studio Solution File, Format Version 12.00
# Visual Studio Version 16
VisualStudioVersion = 16.0.30523.141
MinimumVisualStudioVersion = 10.0.40219.1
Project("{151D2E53-A2C4-4D7D-83FE-D05416EBD58E}") = "BankReports", "BankReports\BankReports.deployproj", "{6CC55492-14FA-43AC-8B37-54B5CC6C9B78}"
EndProject
Global
	GlobalSection(SolutionConfigurationPlatforms) = preSolution
		Debug|Any CPU = Debug|Any CPU
		Release|Any CPU = Release|Any CPU
	EndGlobalSection
	GlobalSection(ProjectConfigurationPlatforms) = postSolution
		{6CC55492-14FA-43AC-8B37-54B5CC6C9B78}.Debug|Any CPU.ActiveCfg = Debug|Any CPU
		{6CC55492-14FA-43AC-8B37-54B5CC6C9B78}.Debug|Any CPU.Build.0 = Debug|Any CPU
		{6CC55492-14FA-43AC-8B37-54B5CC6C9B78}.Release|Any CPU.ActiveCfg = Release|Any CPU
		{6CC55492-14FA-43AC-8B37-54B5CC6C9B78}.Release|Any CPU.Build.0 = Release|Any CPU
	EndGlobalSection
	GlobalSection(SolutionProperties) = preSolution
		HideSolutionNode = FALSE
	EndGlobalSection
	GlobalSection(ExtensibilityGlobals) = postSolution
		SolutionGuid = {49FC616A-4F97-4465-AB4A-2F0F54C42649}
	EndGlobalSection
EndGlobal
