
Microsoft Visual Studio Solution File, Format Version 12.00
# Visual Studio Version 16
VisualStudioVersion = 16.0.30523.141
MinimumVisualStudioVersion = 10.0.40219.1
Project("{151D2E53-A2C4-4D7D-83FE-D05416EBD58E}") = "MessageStatus", "MessageStatus\MessageStatus.deployproj", "{ADDF5D8E-9D3A-425B-82B4-0AF0014D03A9}"
EndProject
Project("{151D2E53-A2C4-4D7D-83FE-D05416EBD58E}") = "LiquidTemplate", "LiquidTemplate\LiquidTemplate.deployproj", "{39CA3BE0-A624-4EDE-A29F-0AE12B29643B}"
EndProject
Global
	GlobalSection(SolutionConfigurationPlatforms) = preSolution
		Debug|Any CPU = Debug|Any CPU
		Release|Any CPU = Release|Any CPU
	EndGlobalSection
	GlobalSection(ProjectConfigurationPlatforms) = postSolution
		{ADDF5D8E-9D3A-425B-82B4-0AF0014D03A9}.Debug|Any CPU.ActiveCfg = Debug|Any CPU
		{ADDF5D8E-9D3A-425B-82B4-0AF0014D03A9}.Debug|Any CPU.Build.0 = Debug|Any CPU
		{ADDF5D8E-9D3A-425B-82B4-0AF0014D03A9}.Release|Any CPU.ActiveCfg = Release|Any CPU
		{ADDF5D8E-9D3A-425B-82B4-0AF0014D03A9}.Release|Any CPU.Build.0 = Release|Any CPU
		{39CA3BE0-A624-4EDE-A29F-0AE12B29643B}.Debug|Any CPU.ActiveCfg = Debug|Any CPU
		{39CA3BE0-A624-4EDE-A29F-0AE12B29643B}.Debug|Any CPU.Build.0 = Debug|Any CPU
		{39CA3BE0-A624-4EDE-A29F-0AE12B29643B}.Release|Any CPU.ActiveCfg = Release|Any CPU
		{39CA3BE0-A624-4EDE-A29F-0AE12B29643B}.Release|Any CPU.Build.0 = Release|Any CPU
	EndGlobalSection
	GlobalSection(SolutionProperties) = preSolution
		HideSolutionNode = FALSE
	EndGlobalSection
	GlobalSection(ExtensibilityGlobals) = postSolution
		SolutionGuid = {68D3D3ED-D39A-492C-832F-5975ABC649AC}
	EndGlobalSection
EndGlobal
